
Microsoft Visual Studio Solution File, Format Version 11.00
# Visual Studio 2010
Project("{2150E333-8FDC-42A3-9474-1A3956D46DE8}") = "Old Frame", "Old Frame", "{C7C2C36B-E617-4E60-9699-C987E220EB24}"
EndProject
Project("{2150E333-8FDC-42A3-9474-1A3956D46DE8}") = "HBM", "HBM", "{0E5F282D-0DF6-4E31-BD2A-09720E87688B}"
EndProject
Project("{2150E333-8FDC-42A3-9474-1A3956D46DE8}") = "Test", "Test", "{6BD262CA-C8F5-4AD6-A834-BAA1D0DC2DAC}"
EndProject
Project("{FAE04EC0-301F-11D3-BF4B-00C04F79EFBC}") = "Core", "Core\Core.csproj", "{B18165AE-E2D8-4E48-BA45-1BABDCCE8830}"
EndProject
Project("{FAE04EC0-301F-11D3-BF4B-00C04F79EFBC}") = "HBM_SQL", "HBM_SQL\HBM_SQL.csproj", "{0941B6C9-A014-4E84-93F8-72DF160D3D9B}"
EndProject
Project("{FAE04EC0-301F-11D3-BF4B-00C04F79EFBC}") = "WinUI", "WinUI\WinUI.csproj", "{EF49FEE5-BD90-4A20-AA9C-D97CC7A38B92}"
EndProject
Project("{FAE04EC0-301F-11D3-BF4B-00C04F79EFBC}") = "Client", "Client\Client.csproj", "{C02555A4-AD8A-4AF7-9DAB-237651D22E71}"
EndProject
Project("{FAE04EC0-301F-11D3-BF4B-00C04F79EFBC}") = "Server", "Server\Server.csproj", "{7462E860-887C-4EF6-86FE-262EE4AB418C}"
EndProject
Project("{FAE04EC0-301F-11D3-BF4B-00C04F79EFBC}") = "Core.DB", "Core.DB\Core.DB.csproj", "{7F525D9F-A6E0-4169-A975-76A4E85D02B5}"
EndProject
Project("{FAE04EC0-301F-11D3-BF4B-00C04F79EFBC}") = "Core.Server", "Core.Server\Core.Server.csproj", "{404198D0-F0BF-45E4-9DCA-08026DB6CE24}"
EndProject
Project("{FAE04EC0-301F-11D3-BF4B-00C04F79EFBC}") = "JZT.Utility", "JZT.Utility\JZT.Utility.csproj", "{51B7F628-5AC5-47B0-8175-A827D4D8E309}"
EndProject
Project("{FAE04EC0-301F-11D3-BF4B-00C04F79EFBC}") = "HBM_SQLite", "HBM_SQLite\HBM_SQLite.csproj", "{357F6997-9006-4130-A1BA-D8C4EC4B57C6}"
EndProject
Project("{FAE04EC0-301F-11D3-BF4B-00C04F79EFBC}") = "TestWin", "TestWin\TestWin.csproj", "{F3D5D7F7-4087-48A7-B7BA-15B8299E269A}"
EndProject
Project("{54435603-DBB4-11D2-8724-00A0C9A8B90C}") = "Setup", "Setup\Setup.vdproj", "{0EDF779E-A8DB-46F3-983B-901FEF9A6ABD}"
EndProject
Project("{FAE04EC0-301F-11D3-BF4B-00C04F79EFBC}") = "Core.Component", "Core.Component\Core.Component.csproj", "{02AB8CF1-2981-484C-939D-D910C26D087D}"
EndProject
Global
	GlobalSection(SolutionConfigurationPlatforms) = preSolution
		Debug|Any CPU = Debug|Any CPU
		Debug|x64 = Debug|x64
		Debug|x86 = Debug|x86
		Release|Any CPU = Release|Any CPU
		Release|x64 = Release|x64
		Release|x86 = Release|x86
	EndGlobalSection
	GlobalSection(ProjectConfigurationPlatforms) = postSolution
		{B18165AE-E2D8-4E48-BA45-1BABDCCE8830}.Debug|Any CPU.ActiveCfg = Debug|Any CPU
		{B18165AE-E2D8-4E48-BA45-1BABDCCE8830}.Debug|Any CPU.Build.0 = Debug|Any CPU
		{B18165AE-E2D8-4E48-BA45-1BABDCCE8830}.Debug|x64.ActiveCfg = Debug|Any CPU
		{B18165AE-E2D8-4E48-BA45-1BABDCCE8830}.Debug|x86.ActiveCfg = Debug|Any CPU
		{B18165AE-E2D8-4E48-BA45-1BABDCCE8830}.Release|Any CPU.ActiveCfg = Release|Any CPU
		{B18165AE-E2D8-4E48-BA45-1BABDCCE8830}.Release|Any CPU.Build.0 = Release|Any CPU
		{B18165AE-E2D8-4E48-BA45-1BABDCCE8830}.Release|x64.ActiveCfg = Release|Any CPU
		{B18165AE-E2D8-4E48-BA45-1BABDCCE8830}.Release|x86.ActiveCfg = Release|Any CPU
		{0941B6C9-A014-4E84-93F8-72DF160D3D9B}.Debug|Any CPU.ActiveCfg = Debug|Any CPU
		{0941B6C9-A014-4E84-93F8-72DF160D3D9B}.Debug|Any CPU.Build.0 = Debug|Any CPU
		{0941B6C9-A014-4E84-93F8-72DF160D3D9B}.Debug|x64.ActiveCfg = Debug|Any CPU
		{0941B6C9-A014-4E84-93F8-72DF160D3D9B}.Debug|x86.ActiveCfg = Debug|Any CPU
		{0941B6C9-A014-4E84-93F8-72DF160D3D9B}.Release|Any CPU.ActiveCfg = Release|Any CPU
		{0941B6C9-A014-4E84-93F8-72DF160D3D9B}.Release|Any CPU.Build.0 = Release|Any CPU
		{0941B6C9-A014-4E84-93F8-72DF160D3D9B}.Release|x64.ActiveCfg = Release|Any CPU
		{0941B6C9-A014-4E84-93F8-72DF160D3D9B}.Release|x86.ActiveCfg = Release|Any CPU
		{EF49FEE5-BD90-4A20-AA9C-D97CC7A38B92}.Debug|Any CPU.ActiveCfg = Debug|Any CPU
		{EF49FEE5-BD90-4A20-AA9C-D97CC7A38B92}.Debug|Any CPU.Build.0 = Debug|Any CPU
		{EF49FEE5-BD90-4A20-AA9C-D97CC7A38B92}.Debug|x64.ActiveCfg = Debug|Any CPU
		{EF49FEE5-BD90-4A20-AA9C-D97CC7A38B92}.Debug|x86.ActiveCfg = Debug|Any CPU
		{EF49FEE5-BD90-4A20-AA9C-D97CC7A38B92}.Release|Any CPU.ActiveCfg = Release|Any CPU
		{EF49FEE5-BD90-4A20-AA9C-D97CC7A38B92}.Release|Any CPU.Build.0 = Release|Any CPU
		{EF49FEE5-BD90-4A20-AA9C-D97CC7A38B92}.Release|x64.ActiveCfg = Release|Any CPU
		{EF49FEE5-BD90-4A20-AA9C-D97CC7A38B92}.Release|x86.ActiveCfg = Release|Any CPU
		{C02555A4-AD8A-4AF7-9DAB-237651D22E71}.Debug|Any CPU.ActiveCfg = Debug|Any CPU
		{C02555A4-AD8A-4AF7-9DAB-237651D22E71}.Debug|Any CPU.Build.0 = Debug|Any CPU
		{C02555A4-AD8A-4AF7-9DAB-237651D22E71}.Debug|x64.ActiveCfg = Debug|Any CPU
		{C02555A4-AD8A-4AF7-9DAB-237651D22E71}.Debug|x86.ActiveCfg = Debug|Any CPU
		{C02555A4-AD8A-4AF7-9DAB-237651D22E71}.Release|Any CPU.ActiveCfg = Release|Any CPU
		{C02555A4-AD8A-4AF7-9DAB-237651D22E71}.Release|Any CPU.Build.0 = Release|Any CPU
		{C02555A4-AD8A-4AF7-9DAB-237651D22E71}.Release|x64.ActiveCfg = Release|Any CPU
		{C02555A4-AD8A-4AF7-9DAB-237651D22E71}.Release|x86.ActiveCfg = Release|Any CPU
		{7462E860-887C-4EF6-86FE-262EE4AB418C}.Debug|Any CPU.ActiveCfg = Debug|Any CPU
		{7462E860-887C-4EF6-86FE-262EE4AB418C}.Debug|Any CPU.Build.0 = Debug|Any CPU
		{7462E860-887C-4EF6-86FE-262EE4AB418C}.Debug|x64.ActiveCfg = Debug|Any CPU
		{7462E860-887C-4EF6-86FE-262EE4AB418C}.Debug|x86.ActiveCfg = Debug|Any CPU
		{7462E860-887C-4EF6-86FE-262EE4AB418C}.Release|Any CPU.ActiveCfg = Release|Any CPU
		{7462E860-887C-4EF6-86FE-262EE4AB418C}.Release|Any CPU.Build.0 = Release|Any CPU
		{7462E860-887C-4EF6-86FE-262EE4AB418C}.Release|x64.ActiveCfg = Release|Any CPU
		{7462E860-887C-4EF6-86FE-262EE4AB418C}.Release|x86.ActiveCfg = Release|Any CPU
		{7F525D9F-A6E0-4169-A975-76A4E85D02B5}.Debug|Any CPU.ActiveCfg = Debug|Any CPU
		{7F525D9F-A6E0-4169-A975-76A4E85D02B5}.Debug|Any CPU.Build.0 = Debug|Any CPU
		{7F525D9F-A6E0-4169-A975-76A4E85D02B5}.Debug|x64.ActiveCfg = Debug|Any CPU
		{7F525D9F-A6E0-4169-A975-76A4E85D02B5}.Debug|x86.ActiveCfg = Debug|Any CPU
		{7F525D9F-A6E0-4169-A975-76A4E85D02B5}.Release|Any CPU.ActiveCfg = Release|Any CPU
		{7F525D9F-A6E0-4169-A975-76A4E85D02B5}.Release|Any CPU.Build.0 = Release|Any CPU
		{7F525D9F-A6E0-4169-A975-76A4E85D02B5}.Release|x64.ActiveCfg = Release|Any CPU
		{7F525D9F-A6E0-4169-A975-76A4E85D02B5}.Release|x86.ActiveCfg = Release|Any CPU
		{404198D0-F0BF-45E4-9DCA-08026DB6CE24}.Debug|Any CPU.ActiveCfg = Debug|Any CPU
		{404198D0-F0BF-45E4-9DCA-08026DB6CE24}.Debug|Any CPU.Build.0 = Debug|Any CPU
		{404198D0-F0BF-45E4-9DCA-08026DB6CE24}.Debug|x64.ActiveCfg = Debug|Any CPU
		{404198D0-F0BF-45E4-9DCA-08026DB6CE24}.Debug|x86.ActiveCfg = Debug|Any CPU
		{404198D0-F0BF-45E4-9DCA-08026DB6CE24}.Release|Any CPU.ActiveCfg = Release|Any CPU
		{404198D0-F0BF-45E4-9DCA-08026DB6CE24}.Release|Any CPU.Build.0 = Release|Any CPU
		{404198D0-F0BF-45E4-9DCA-08026DB6CE24}.Release|x64.ActiveCfg = Release|Any CPU
		{404198D0-F0BF-45E4-9DCA-08026DB6CE24}.Release|x86.ActiveCfg = Release|Any CPU
		{51B7F628-5AC5-47B0-8175-A827D4D8E309}.Debug|Any CPU.ActiveCfg = Debug|Any CPU
		{51B7F628-5AC5-47B0-8175-A827D4D8E309}.Debug|Any CPU.Build.0 = Debug|Any CPU
		{51B7F628-5AC5-47B0-8175-A827D4D8E309}.Debug|x64.ActiveCfg = Debug|x64
		{51B7F628-5AC5-47B0-8175-A827D4D8E309}.Debug|x64.Build.0 = Debug|x64
		{51B7F628-5AC5-47B0-8175-A827D4D8E309}.Debug|x86.ActiveCfg = Debug|x86
		{51B7F628-5AC5-47B0-8175-A827D4D8E309}.Debug|x86.Build.0 = Debug|x86
		{51B7F628-5AC5-47B0-8175-A827D4D8E309}.Release|Any CPU.ActiveCfg = Release|Any CPU
		{51B7F628-5AC5-47B0-8175-A827D4D8E309}.Release|Any CPU.Build.0 = Release|Any CPU
		{51B7F628-5AC5-47B0-8175-A827D4D8E309}.Release|x64.ActiveCfg = Release|x64
		{51B7F628-5AC5-47B0-8175-A827D4D8E309}.Release|x64.Build.0 = Release|x64
		{51B7F628-5AC5-47B0-8175-A827D4D8E309}.Release|x86.ActiveCfg = Release|x86
		{51B7F628-5AC5-47B0-8175-A827D4D8E309}.Release|x86.Build.0 = Release|x86
		{357F6997-9006-4130-A1BA-D8C4EC4B57C6}.Debug|Any CPU.ActiveCfg = Debug|Any CPU
		{357F6997-9006-4130-A1BA-D8C4EC4B57C6}.Debug|Any CPU.Build.0 = Debug|Any CPU
		{357F6997-9006-4130-A1BA-D8C4EC4B57C6}.Debug|x64.ActiveCfg = Debug|Any CPU
		{357F6997-9006-4130-A1BA-D8C4EC4B57C6}.Debug|x86.ActiveCfg = Debug|Any CPU
		{357F6997-9006-4130-A1BA-D8C4EC4B57C6}.Release|Any CPU.ActiveCfg = Release|Any CPU
		{357F6997-9006-4130-A1BA-D8C4EC4B57C6}.Release|Any CPU.Build.0 = Release|Any CPU
		{357F6997-9006-4130-A1BA-D8C4EC4B57C6}.Release|x64.ActiveCfg = Release|Any CPU
		{357F6997-9006-4130-A1BA-D8C4EC4B57C6}.Release|x86.ActiveCfg = Release|Any CPU
		{F3D5D7F7-4087-48A7-B7BA-15B8299E269A}.Debug|Any CPU.ActiveCfg = Debug|Any CPU
		{F3D5D7F7-4087-48A7-B7BA-15B8299E269A}.Debug|Any CPU.Build.0 = Debug|Any CPU
		{F3D5D7F7-4087-48A7-B7BA-15B8299E269A}.Debug|x64.ActiveCfg = Debug|Any CPU
		{F3D5D7F7-4087-48A7-B7BA-15B8299E269A}.Debug|x86.ActiveCfg = Debug|Any CPU
		{F3D5D7F7-4087-48A7-B7BA-15B8299E269A}.Release|Any CPU.ActiveCfg = Release|Any CPU
		{F3D5D7F7-4087-48A7-B7BA-15B8299E269A}.Release|Any CPU.Build.0 = Release|Any CPU
		{F3D5D7F7-4087-48A7-B7BA-15B8299E269A}.Release|x64.ActiveCfg = Release|Any CPU
		{F3D5D7F7-4087-48A7-B7BA-15B8299E269A}.Release|x86.ActiveCfg = Release|Any CPU
		{0EDF779E-A8DB-46F3-983B-901FEF9A6ABD}.Debug|Any CPU.ActiveCfg = Debug
		{0EDF779E-A8DB-46F3-983B-901FEF9A6ABD}.Debug|x64.ActiveCfg = Debug
		{0EDF779E-A8DB-46F3-983B-901FEF9A6ABD}.Debug|x86.ActiveCfg = Debug
		{0EDF779E-A8DB-46F3-983B-901FEF9A6ABD}.Release|Any CPU.ActiveCfg = Release
		{0EDF779E-A8DB-46F3-983B-901FEF9A6ABD}.Release|x64.ActiveCfg = Release
		{0EDF779E-A8DB-46F3-983B-901FEF9A6ABD}.Release|x86.ActiveCfg = Release
		{02AB8CF1-2981-484C-939D-D910C26D087D}.Debug|Any CPU.ActiveCfg = Debug|Any CPU
		{02AB8CF1-2981-484C-939D-D910C26D087D}.Debug|Any CPU.Build.0 = Debug|Any CPU
		{02AB8CF1-2981-484C-939D-D910C26D087D}.Debug|x64.ActiveCfg = Debug|Any CPU
		{02AB8CF1-2981-484C-939D-D910C26D087D}.Debug|x86.ActiveCfg = Debug|Any CPU
		{02AB8CF1-2981-484C-939D-D910C26D087D}.Release|Any CPU.ActiveCfg = Release|Any CPU
		{02AB8CF1-2981-484C-939D-D910C26D087D}.Release|Any CPU.Build.0 = Release|Any CPU
		{02AB8CF1-2981-484C-939D-D910C26D087D}.Release|x64.ActiveCfg = Release|Any CPU
		{02AB8CF1-2981-484C-939D-D910C26D087D}.Release|x86.ActiveCfg = Release|Any CPU
	EndGlobalSection
	GlobalSection(SolutionProperties) = preSolution
		HideSolutionNode = FALSE
	EndGlobalSection
	GlobalSection(NestedProjects) = preSolution
		{51B7F628-5AC5-47B0-8175-A827D4D8E309} = {C7C2C36B-E617-4E60-9699-C987E220EB24}
		{0941B6C9-A014-4E84-93F8-72DF160D3D9B} = {0E5F282D-0DF6-4E31-BD2A-09720E87688B}
		{357F6997-9006-4130-A1BA-D8C4EC4B57C6} = {0E5F282D-0DF6-4E31-BD2A-09720E87688B}
		{F3D5D7F7-4087-48A7-B7BA-15B8299E269A} = {6BD262CA-C8F5-4AD6-A834-BAA1D0DC2DAC}
	EndGlobalSection
EndGlobal
